github.com/bool64/dev v0.2.25/go.mod h1:iJbh1y/HkunEPhgebWRNcs8wfGq7sjvJ6W5iabL8ACg=
github.com/bool64/dev v0.2.31 h1:OS57EqYaYe2M/2bw9uhDCIFiZZwywKFS/4qMLN6JUmQ=
github.com/bool64/shared v0.1.5 h1:fp3eUhBsrSjNCQPcSdQqZxxh9bBwrYiZ+zOKFkM0/2E=
github.com/davecgh/go-spew v1.1.0/go.mod h1:J7Y8YcW2NihsgmVo/mv3lAwl/skON4iLHjSsI+c5H38=
github.com/davecgh/go-spew v1.1.1 h1:vj9j/u1bqnvCEfJOwUhtlOARqs3+rkHYY13jYWTU97c=
github.com/dustin/go-humanize v1.0.1 h1:GzkhY7T5VNhEkwH0PVJgjz+fX1rhBrR7pRT3mDkpeCY=
github.com/dustin/go-humanize v1.0.1/go.mod h1:Mu1zIs6XwVuF/gI1OepvI0qD18qycQx+mFykh5fBlto=
github.com/go-chi/chi/v5 v5.0.10 h1:rLz5avzKpjqxrYwXNfmjkrYYXOyLJd37pz53UFHC6vk=
github.com/go-chi/chi/v5 v5.0.10/go.mod h1:DslCQbL2OYiznFReuXYUmQ2hGd1aDpCnlMNITLSKoi8=
github.com/google/go-cmp v0.5.9 h1:O2Tfq5qg4qc4AmwVlvv0oLiVAGB7enBSJ2x2DqQFi38=
github.com/google/pprof v0.0.0-20221118152302-e6195bd50e26 h1:Xim43kblpZXfIBQsbuBVKCudVG457BR2GZFIz3uw3hQ=
github.com/google/uuid v1.4.0 h1:MtMxsa51/r9yyhkyLsVeVt0B+BGQZzpQiTQ4eHZ8bc4=
github.com/google/uuid v1.4.0/go.mod h1:TIyPZe4MgqvfeYDBFedMoGGpEw/LqOeaOT+nhxU+yHo=
github.com/iancoleman/orderedmap v0.3.0 h1:5cbR2grmZR/DiVt+VJopEhtVs9YGInGIxAoMJn+Ichc=
github.com/kballard/go-shellquote v0.0.0-20180428030007-95032a82bc51 h1:Z9n2FFNUXsshfwJMBgNA0RU6/i7WVaAegv3PtuIHPMs=
github.com/kballard/go-shellquote v0.0.0-20180428030007-95032a82bc51/go.mod h1:CzGEWj7cYgsdH8dAjBGEr58BoE7ScuLd+fwFZ44+/x8=
github.com/mattn/go-isatty v0.0.16 h1:bq3VjFmv/sOjHtdEhmkEV4x1AJtvUvOJ2PFAZ5+peKQ=
github.com/mattn/go-isatty v0.0.16/go.mod h1:kYGgaQfpe5nmfYZH+SKPsOc2e4SrIfOl2e/yFXSvRLM=
github.com/mattn/go-sqlite3 v1.14.18 h1:JL0eqdCOq6DJVNPSvArO/bIV9/P7fbGrV00LZHc+5aI=
github.com/mattn/go-sqlite3 v1.14.18/go.mod h1:2eHXhiwb8IkHr+BDWZGa96P6+rkvnG63S2DGjv9HUNg=
github.com/pkg/errors v0.9.1 h1:FEBLx1zS214owpjy7qsBeixbURkuhQAwrK5UwLGTwt4=
github.com/pkg/errors v0.9.1/go.mod h1:bwawxfHBFNV+L2hUp1rHADufV3IMtnDRdf1r5NINEl0=
github.com/pmezard/go-difflib v1.0.0 h1:4DBwDE0NGyQoBHbLQYPwSUPoCMWR5BEzIk/f1lZbAQM=
github.com/pmezard/go-difflib v1.0.0/go.mod h1:iKH77koFhYxTK1pcRnkKkqfTogsbg7gZNVY4sRDYZ/4=
github.com/remyoudompheng/bigfft v0.0.0-20230129092748-24d4a6f8daec h1:W09IVJc94icq4NjY3clb7Lk8O1qJ8BdBEF8z0ibU0rE=
github.com/remyoudompheng/bigfft v0.0.0-20230129092748-24d4a6f8daec/go.mod h1:qqbHyh8v60DhA7CoWK5oRCqLrMHRGoxYCSS9EjAz6Eo=
github.com/rs/cors v1.10.1 h1:L0uuZVXIKlI1SShY2nhFfo44TYvDPQ1w4oFkUJNfhyo=
github.com/rs/cors v1.10.1/go.mod h1:XyqrcTp5zjWr1wsJ8PIRZssZ8b/WMcMf71DJnit4EMU=
github.com/santhosh-tekuri/jsonschema/v3 v3.1.0 h1:levPcBfnazlA1CyCMC3asL/QLZkq9pa8tQZOH513zQw=
github.com/santhosh-tekuri/jsonschema/v3 v3.1.0/go.mod h1:8kzK2TC0k0YjOForaAHdNEa7ik0fokNa2k30BKJ/W7Y=
github.com/sergi/go-diff v1.3.1 h1:xkr+Oxo4BOQKmkn/B9eMK0g5Kg/983T9DqqPHwYqD+8=
github.com/stretchr/objx v0.1.0/go.mod h1:HFkY916IF+rwdDfMAkV7OtwuqBVzrE8GR6GFx+wExME=
github.com/stretchr/testify v1.4.0/go.mod h1:j7eGeouHqKxXV5pUuKE4zz7dFj8WfuZ+81PSLYec5m4=
github.com/stretchr/testify v1.8.2 h1:+h33VjcLVPDHtOdpUCuF+7gSuG3yGIftsP1YvFihtJ8=
github.com/swaggest/assertjson v1.9.0 h1:dKu0BfJkIxv/xe//mkCrK5yZbs79jL7OVf9Ija7o2xQ=
github.com/swaggest/form/v5 v5.1.1 h1:ct6/rOQBGrqWUQ0FUv3vW5sHvTUb31AwTUWj947N6cY=
github.com/swaggest/form/v5 v5.1.1/go.mod h1:X1hraaoONee20PMnGNLQpO32f9zbQ0Czfm7iZThuEKg=
github.com/swaggest/jsonschema-go v0.3.62 h1:eIE0aRklWa2eLJg2L/zqyWpKvgUPbq2oKOtrJGJkPH0=
github.com/swaggest/jsonschema-go v0.3.62/go.mod h1:DYuKqdpms/edvywsX6p1zHXCZkdwB28wRaBdFCe3Duw=
github.com/swaggest/openapi-go v0.2.41 h1:aO8Q5ZugBmbd16YcppG18e3T+tgU8NJrXA3HLPgnANI=
github.com/swaggest/openapi-go v0.2.41/go.mod h1:Ww0uMQS11bz3jftWFi6+CA82yl6DHqTv9AE/LLVxzAs=
github.com/swaggest/refl v1.3.0 h1:PEUWIku+ZznYfsoyheF97ypSduvMApYyGkYF3nabS0I=
github.com/swaggest/refl v1.3.0/go.mod h1:3Ujvbmh1pfSbDYjC6JGG7nMgPvpG0ehQL4iNonnLNbg=
github.com/swaggest/rest v0.2.59 h1:4bso9zu7bYCs7M+zjrd2e75DByAAA+wwWM3/fKfooHI=
github.com/swaggest/rest v0.2.59/go.mod h1:wHeTChH4rsBJb2+ULxapGhcJ3ba6XWGmjQjM8FyvrbM=
github.com/swaggest/usecase v1.2.1 h1:XYVdK9tK2KCPglTflUi7aWBrVwIyb58D5mvGWED7pNs=
github.com/swaggest/usecase v1.2.1/go.mod h1:5ccwVsLJ9eQpU4m0AGTM444pdqSPQBiocIwMmdRH9lQ=
github.com/yudai/gojsondiff v1.0.0 h1:27cbfqXLVEJ1o8I6v3y9lg8Ydm53EKqHXAOMxEGlCOA=
github.com/yudai/golcs v0.0.0-20170316035057-ecda9a501e82 h1:BHyfKlQyqbsFN5p3IfnEUduWvb9is428/nNb5L3U01M=
golang.org/x/mod v0.6.0 h1:b9gGHsz9/HhJ3HF5DHQytPpuwocVTChQJK3AvoLRD5I=
golang.org/x/mod v0.6.0/go.mod h1:4mET923SAdbXp2ki8ey+zGs1SLqsuM2Y0uvdZR/fUNI=
golang.org/x/sys v0.0.0-20220811171246-fbc7d0a398ab/go.mod h1:oPkhp1MJrh7nUepCBck5+mAzfO9JrbApNNgaTdGDITg=
golang.org/x/sys v0.9.0 h1:KS/R3tvhPqvJvwcKfnBHJwwthS11LRhmM5D59eEXa0s=
golang.org/x/sys v0.9.0/go.mod h1:oPkhp1MJrh7nUepCBck5+mAzfO9JrbApNNgaTdGDITg=
golang.org/x/tools v0.2.0 h1:G6AHpWxTMGY1KyEYoAQ5WTtIekUUvDNjan3ugu60JvE=
golang.org/x/tools v0.2.0/go.mod h1:y4OqIKeOV/fWJetJ8bXPU1sEVniLMIyDAZWeHdV+NTA=
gopkg.in/check.v1 v0.0.0-20161208181325-20d25e280405 h1:yhCVgyC4o1eVCa2tZl7eS0r+SDo693bJlVdllGtEeKM=
gopkg.in/check.v1 v0.0.0-20161208181325-20d25e280405/go.mod h1:Co6ibVJAznAaIkqp8huTwlJQCZ016jof/cbN4VW5Yz0=
gopkg.in/yaml.v2 v2.2.2/go.mod h1:hI93XBmqTisBFMUTm0b8Fm+jr3Dg1NNxqwp+5A1VGuI=
gopkg.in/yaml.v2 v2.4.0 h1:D8xgwECY7CYvx+Y2n4sBz93Jn9JRvxdiyyo8CTfuKaY=
gopkg.in/yaml.v2 v2.4.0/go.mod h1:RDklbk79AGWmwhnvt/jBztapEOGDOx6ZbXqjP6csGnQ=
gopkg.in/yaml.v3 v3.0.1 h1:fxVm/GzAzEWqLHuvctI91KS9hhNmmWOoWu0XTYJS7CA=
lukechampine.com/uint128 v1.2.0 h1:mBi/5l91vocEN8otkC5bDLhi2KdCticRiwbdB0O+rjI=
lukechampine.com/uint128 v1.2.0/go.mod h1:c4eWIwlEGaxC/+H1VguhU4PHXNWDCDMUlWdIWl2j1gk=
modernc.org/cc/v3 v3.40.0 h1:P3g79IUS/93SYhtoeaHW+kRCIrYaxJ27MFPv+7kaTOw=
modernc.org/cc/v3 v3.40.0/go.mod h1:/bTg4dnWkSXowUO6ssQKnOV0yMVxDYNIsIrzqTFDGH0=
modernc.org/ccgo/v3 v3.16.13 h1:Mkgdzl46i5F/CNR/Kj80Ri59hC8TKAhZrYSaqvkwzUw=
modernc.org/ccgo/v3 v3.16.13/go.mod h1:2Quk+5YgpImhPjv2Qsob1DnZ/4som1lJTodubIcoUkY=
modernc.org/ccorpus v1.11.6 h1:J16RXiiqiCgua6+ZvQot4yUuUy8zxgqbqEEUuGPlISk=
modernc.org/httpfs v1.0.6 h1:AAgIpFZRXuYnkjftxTAZwMIiwEqAfk8aVB2/oA6nAeM=
modernc.org/libc v1.29.0 h1:tTFRFq69YKCF2QyGNuRUQxKBm1uZZLubf6Cjh/pVHXs=
modernc.org/libc v1.29.0/go.mod h1:DaG/4Q3LRRdqpiLyP0C2m1B8ZMGkQ+cCgOIjEtQlYhQ=
modernc.org/mathutil v1.6.0 h1:fRe9+AmYlaej+64JsEEhoWuAYBkOtQiMEU7n/XgfYi4=
modernc.org/mathutil v1.6.0/go.mod h1:Ui5Q9q1TR2gFm0AQRqQUaBWFLAhQpCwNcuhBOSedWPo=
modernc.org/memory v1.7.2 h1:Klh90S215mmH8c9gO98QxQFsY+W451E8AnzjoE2ee1E=
modernc.org/memory v1.7.2/go.mod h1:NO4NVCQy0N7ln+T9ngWqOQfi7ley4vpwvARR+Hjw95E=
modernc.org/opt v0.1.3 h1:3XOZf2yznlhC+ibLltsDGzABUGVx8J6pnFMS3E4dcq4=
modernc.org/opt v0.1.3/go.mod h1:WdSiB5evDcignE70guQKxYUl14mgWtbClRi5wmkkTX0=
modernc.org/sqlite v1.27.0 h1:MpKAHoyYB7xqcwnUwkuD+npwEa0fojF0B5QRbN+auJ8=
modernc.org/sqlite v1.27.0/go.mod h1:Qxpazz0zH8Z1xCFyi5GSL3FzbtZ3fvbjmywNogldEW0=
modernc.org/strutil v1.1.3 h1:fNMm+oJklMGYfU9Ylcywl0CO5O6nTfaowNsh2wpPjzY=
modernc.org/strutil v1.1.3/go.mod h1:MEHNA7PdEnEwLvspRMtWTNnp2nnyvMfkimT1NKNAGbw=
modernc.org/tcl v1.15.2 h1:C4ybAYCGJw968e+Me18oW55kD/FexcHbqH2xak1ROSY=
modernc.org/token v1.0.1 h1:A3qvTqOwexpfZZeyI0FeGPDlSWX5pjZu9hF4lU+EKWg=
modernc.org/token v1.0.1/go.mod h1:UGzOrNV1mAFSEB63lOFHIpNRUVMvYTc6yu1SMY/XTDM=
modernc.org/z v1.7.3 h1:zDJf6iHjrnB+WRD88stbXokugjyc0/pB91ri1gO6LZY=
